
Microsoft Visual Studio Solution File, Format Version 12.00
# Visual Studio Version 17
VisualStudioVersion = 17.9.34902.65
MinimumVisualStudioVersion = 10.0.40219.1
Project("{9A19103F-16F7-4668-BE54-9A1E7A4F7556}") = "BookLibraryAPI", "BookLibraryAPI.csproj", "{9034E27E-F1B0-4ABE-A99B-EFBB80F8B838}"
EndProject
Global
	GlobalSection(SolutionConfigurationPlatforms) = preSolution
		Debug|Any CPU = Debug|Any CPU
		Release|Any CPU = Release|Any CPU
	EndGlobalSection
	GlobalSection(ProjectConfigurationPlatforms) = postSolution
		{9034E27E-F1B0-4ABE-A99B-EFBB80F8B838}.Debug|Any CPU.ActiveCfg = Debug|Any CPU
		{9034E27E-F1B0-4ABE-A99B-EFBB80F8B838}.Debug|Any CPU.Build.0 = Debug|Any CPU
		{9034E27E-F1B0-4ABE-A99B-EFBB80F8B838}.Release|Any CPU.ActiveCfg = Release|Any CPU
		{9034E27E-F1B0-4ABE-A99B-EFBB80F8B838}.Release|Any CPU.Build.0 = Release|Any CPU
	EndGlobalSection
	GlobalSection(SolutionProperties) = preSolution
		HideSolutionNode = FALSE
	EndGlobalSection
	GlobalSection(ExtensibilityGlobals) = postSolution
		SolutionGuid = {0169ACC3-0D67-414E-9034-563D19C3085E}
	EndGlobalSection
EndGlobal
